
Microsoft Visual Studio Solution File, Format Version 12.00
# Visual Studio 15
VisualStudioVersion = 15.0.27130.2010
MinimumVisualStudioVersion = 10.0.40219.1
Project("{FAE04EC0-301F-11D3-BF4B-00C04F79EFBC}") = "LogUtility", "LogUtility\LogUtility.csproj", "{581DB1D7-9F57-4392-AFC2-688DD933AE71}"
EndProject
Project("{FAE04EC0-301F-11D3-BF4B-00C04F79EFBC}") = "LogUtility.UnitTests", "LogUtility.UnitTests\LogUtility.UnitTests.csproj", "{C6A0AF74-742E-476A-87A7-5E8EE8FCA0EE}"
EndProject
Global
	GlobalSection(SolutionConfigurationPlatforms) = preSolution
		Debug|Any CPU = Debug|Any CPU
		Debug|Mixed Platforms = Debug|Mixed Platforms
		Debug|x86 = Debug|x86
		Release|Any CPU = Release|Any CPU
		Release|Mixed Platforms = Release|Mixed Platforms
		Release|x86 = Release|x86
	EndGlobalSection
	GlobalSection(ProjectConfigurationPlatforms) = postSolution
		{581DB1D7-9F57-4392-AFC2-688DD933AE71}.Debug|Any CPU.ActiveCfg = Debug|Any CPU
		{581DB1D7-9F57-4392-AFC2-688DD933AE71}.Debug|Any CPU.Build.0 = Debug|Any CPU
		{581DB1D7-9F57-4392-AFC2-688DD933AE71}.Debug|Mixed Platforms.ActiveCfg = Debug|Any CPU
		{581DB1D7-9F57-4392-AFC2-688DD933AE71}.Debug|Mixed Platforms.Build.0 = Debug|Any CPU
		{581DB1D7-9F57-4392-AFC2-688DD933AE71}.Debug|x86.ActiveCfg = Debug|Any CPU
		{581DB1D7-9F57-4392-AFC2-688DD933AE71}.Release|Any CPU.ActiveCfg = Release|Any CPU
		{581DB1D7-9F57-4392-AFC2-688DD933AE71}.Release|Any CPU.Build.0 = Release|Any CPU
		{581DB1D7-9F57-4392-AFC2-688DD933AE71}.Release|Mixed Platforms.ActiveCfg = Release|Any CPU
		{581DB1D7-9F57-4392-AFC2-688DD933AE71}.Release|Mixed Platforms.Build.0 = Release|Any CPU
		{581DB1D7-9F57-4392-AFC2-688DD933AE71}.Release|x86.ActiveCfg = Release|Any CPU
		{C6A0AF74-742E-476A-87A7-5E8EE8FCA0EE}.Debug|Any CPU.ActiveCfg = Debug|Any CPU
		{C6A0AF74-742E-476A-87A7-5E8EE8FCA0EE}.Debug|Any CPU.Build.0 = Debug|Any CPU
		{C6A0AF74-742E-476A-87A7-5E8EE8FCA0EE}.Debug|Mixed Platforms.ActiveCfg = Debug|Any CPU
		{C6A0AF74-742E-476A-87A7-5E8EE8FCA0EE}.Debug|Mixed Platforms.Build.0 = Debug|Any CPU
		{C6A0AF74-742E-476A-87A7-5E8EE8FCA0EE}.Debug|x86.ActiveCfg = Debug|Any CPU
		{C6A0AF74-742E-476A-87A7-5E8EE8FCA0EE}.Debug|x86.Build.0 = Debug|Any CPU
		{C6A0AF74-742E-476A-87A7-5E8EE8FCA0EE}.Release|Any CPU.ActiveCfg = Release|Any CPU
		{C6A0AF74-742E-476A-87A7-5E8EE8FCA0EE}.Release|Any CPU.Build.0 = Release|Any CPU
		{C6A0AF74-742E-476A-87A7-5E8EE8FCA0EE}.Release|Mixed Platforms.ActiveCfg = Release|Any CPU
		{C6A0AF74-742E-476A-87A7-5E8EE8FCA0EE}.Release|Mixed Platforms.Build.0 = Release|Any CPU
		{C6A0AF74-742E-476A-87A7-5E8EE8FCA0EE}.Release|x86.ActiveCfg = Release|Any CPU
		{C6A0AF74-742E-476A-87A7-5E8EE8FCA0EE}.Release|x86.Build.0 = Release|Any CPU
	EndGlobalSection
	GlobalSection(SolutionProperties) = preSolution
		HideSolutionNode = FALSE
	EndGlobalSection
	GlobalSection(ExtensibilityGlobals) = postSolution
		SolutionGuid = {A1DE7AD1-9D66-4876-8514-A61CE6514D85}
	EndGlobalSection
EndGlobal
